<?xml version="1.0" encoding="utf-8"?>
<Project ToolsVersion="4.0" xmlns="http://schemas.microsoft.com/developer/msbuild/2003">
  <ItemGroup>
    <Filter Include="Fichiers sources">
      <UniqueIdentifier>{4FC737F1-C7A5-4376-A066-2A32D752A2FF}</UniqueIdentifier>
      <Extensions>cpp;c;cc;cxx;c++;cppm;ixx;def;odl;idl;hpj;bat;asm;asmx</Extensions>
    </Filter>
    <Filter Include="Fichiers d%27en-tête">
      <UniqueIdentifier>{93995380-89BD-4b04-88EB-625FBE52EBFB}</UniqueIdentifier>
      <Extensions>h;hh;hpp;hxx;h++;hm;inl;inc;ipp;xsd</Extensions>
    </Filter>
    <Filter Include="Fichiers de ressources">
      <UniqueIdentifier>{67DA6AB6-F800-4c08-8B7A-83BB121AAD01}</UniqueIdentifier>
      <Extensions>rc;ico;cur;bmp;dlg;rc2;rct;bin;rgs;gif;jpg;jpeg;jpe;resx;tiff;tif;png;wav;mfcribbon-ms</Extensions>
    </Filter>
    <Filter Include="Fichiers d%27en-tête\Terrain">
      <UniqueIdentifier>{0dd662e7-0fc9-404e-80d9-e07bbd752f40}</UniqueIdentifier>
    </Filter>
    <Filter Include="Fichiers d%27en-tête\NormalMapping">
      <UniqueIdentifier>{9bac22c6-3e0f-46a1-8523-2c6e7b036150}</UniqueIdentifier>
    </Filter>
    <Filter Include="Fichiers d%27en-tête\GUI">
      <UniqueIdentifier>{72111e5f-7e17-4248-8c90-d930d7aeecb0}</UniqueIdentifier>
    </Filter>
    <Filter Include="Fichiers d%27en-tête\Skybox">
      <UniqueIdentifier>{f7d13982-84a8-42e1-84c6-69d68e946b76}</UniqueIdentifier>
    </Filter>
    <Filter Include="Fichiers d%27en-tête\Water">
      <UniqueIdentifier>{f422f2aa-73f9-4ac9-b4ef-ffc6acafadfd}</UniqueIdentifier>
    </Filter>
  </ItemGroup>
  <ItemGroup>
    <ClCompile Include="WindowManager.cpp">
      <Filter>Fichiers sources</Filter>
    </ClCompile>
    <ClCompile Include="Loader.cpp">
      <Filter>Fichiers sources</Filter>
    </ClCompile>
    <ClCompile Include="glad.cpp">
      <Filter>Fichiers sources</Filter>
    </ClCompile>
    <ClCompile Include="main.cpp">
      <Filter>Fichiers sources</Filter>
    </ClCompile>
    <ClCompile Include="ShaderProgram.cpp">
      <Filter>Fichiers sources</Filter>
    </ClCompile>
    <ClCompile Include="StaticShader.cpp">
      <Filter>Fichiers sources</Filter>
    </ClCompile>
    <ClCompile Include="OBJLoader.cpp">
      <Filter>Fichiers sources</Filter>
    </ClCompile>
    <ClCompile Include="MasterRenderer.cpp">
      <Filter>Fichiers sources</Filter>
    </ClCompile>
    <ClCompile Include="Terrain.cpp">
      <Filter>Fichiers sources</Filter>
    </ClCompile>
    <ClCompile Include="EntityRenderer.cpp">
      <Filter>Fichiers sources</Filter>
    </ClCompile>
    <ClCompile Include="TerrainShader.cpp">
      <Filter>Fichiers sources</Filter>
    </ClCompile>
    <ClCompile Include="TerrainRenderer.cpp">
      <Filter>Fichiers sources</Filter>
    </ClCompile>
    <ClCompile Include="Player.cpp">
      <Filter>Fichiers sources</Filter>
    </ClCompile>
    <ClCompile Include="GuiRenderer.cpp">
      <Filter>Fichiers sources</Filter>
    </ClCompile>
    <ClCompile Include="SkyboxRenderer.cpp">
      <Filter>Fichiers sources</Filter>
    </ClCompile>
    <ClCompile Include="NormalShader.cpp">
      <Filter>Fichiers sources</Filter>
    </ClCompile>
    <ClCompile Include="NormalRenderer.cpp">
      <Filter>Fichiers sources</Filter>
    </ClCompile>
    <ClCompile Include="WaterRenderer2.cpp">
      <Filter>Fichiers sources</Filter>
    </ClCompile>
    <ClCompile Include="WaterFrameBuffers.cpp">
      <Filter>Fichiers sources</Filter>
    </ClCompile>
    <ClCompile Include="ShadowFrameBuffer.cpp">
      <Filter>Fichiers sources</Filter>
    </ClCompile>
    <ClCompile Include="ShadowMapEntityRenderer.cpp">
      <Filter>Fichiers sources</Filter>
    </ClCompile>
    <ClCompile Include="ShadowBox.cpp">
      <Filter>Fichiers sources</Filter>
    </ClCompile>
    <ClCompile Include="ShadowMapMasterRenderer.cpp">
      <Filter>Fichiers sources</Filter>
    </ClCompile>
  </ItemGroup>
  <ItemGroup>
    <ClInclude Include="WindowManager.h">
      <Filter>Fichiers d%27en-tête</Filter>
    </ClInclude>
    <ClInclude Include="RawModel.h">
      <Filter>Fichiers d%27en-tête</Filter>
    </ClInclude>
    <ClInclude Include="Loader.h">
      <Filter>Fichiers d%27en-tête</Filter>
    </ClInclude>
    <ClInclude Include="ShaderProgram.h">
      <Filter>Fichiers d%27en-tête</Filter>
    </ClInclude>
    <ClInclude Include="StaticShader.h">
      <Filter>Fichiers d%27en-tête</Filter>
    </ClInclude>
    <ClInclude Include="stb_image.h">
      <Filter>Fichiers d%27en-tête</Filter>
    </ClInclude>
    <ClInclude Include="ModelTexture.h">
      <Filter>Fichiers d%27en-tête</Filter>
    </ClInclude>
    <ClInclude Include="TexturedModel.h">
      <Filter>Fichiers d%27en-tête</Filter>
    </ClInclude>
    <ClInclude Include="Maths.h">
      <Filter>Fichiers d%27en-tête</Filter>
    </ClInclude>
    <ClInclude Include="Entity.h">
      <Filter>Fichiers d%27en-tête</Filter>
    </ClInclude>
    <ClInclude Include="Camera.h">
      <Filter>Fichiers d%27en-tête</Filter>
    </ClInclude>
    <ClInclude Include="OBJLoader.h">
      <Filter>Fichiers d%27en-tête</Filter>
    </ClInclude>
    <ClInclude Include="Light.h">
      <Filter>Fichiers d%27en-tête</Filter>
    </ClInclude>
    <ClInclude Include="MasterRenderer.h">
      <Filter>Fichiers d%27en-tête</Filter>
    </ClInclude>
    <ClInclude Include="EntityRenderer.h">
      <Filter>Fichiers d%27en-tête</Filter>
    </ClInclude>
    <ClInclude Include="Player.h">
      <Filter>Fichiers d%27en-tête</Filter>
    </ClInclude>
    <ClInclude Include="OBJ_Loader.h">
      <Filter>Fichiers d%27en-tête</Filter>
    </ClInclude>
    <ClInclude Include="TerrainTexturePack.h">
      <Filter>Fichiers d%27en-tête\Terrain</Filter>
    </ClInclude>
    <ClInclude Include="Terrain.h">
      <Filter>Fichiers d%27en-tête\Terrain</Filter>
    </ClInclude>
    <ClInclude Include="TerrainRenderer.h">
      <Filter>Fichiers d%27en-tête\Terrain</Filter>
    </ClInclude>
    <ClInclude Include="TerrainShader.h">
      <Filter>Fichiers d%27en-tête\Terrain</Filter>
    </ClInclude>
    <ClInclude Include="TerrainTexture.h">
      <Filter>Fichiers d%27en-tête\Terrain</Filter>
    </ClInclude>
    <ClInclude Include="NormalShader.h">
      <Filter>Fichiers d%27en-tête\NormalMapping</Filter>
    </ClInclude>
    <ClInclude Include="NormalRenderer.h">
      <Filter>Fichiers d%27en-tête\NormalMapping</Filter>
    </ClInclude>
    <ClInclude Include="GuiTexture.h">
      <Filter>Fichiers d%27en-tête\GUI</Filter>
    </ClInclude>
    <ClInclude Include="GuiRenderer.h">
      <Filter>Fichiers d%27en-tête\GUI</Filter>
    </ClInclude>
    <ClInclude Include="GuiShader.h">
      <Filter>Fichiers d%27en-tête\GUI</Filter>
    </ClInclude>
    <ClInclude Include="SkyboxShader.h">
      <Filter>Fichiers d%27en-tête\Skybox</Filter>
    </ClInclude>
    <ClInclude Include="SkyboxRenderer.h">
      <Filter>Fichiers d%27en-tête\Skybox</Filter>
    </ClInclude>
    <ClInclude Include="WaterTile.h">
      <Filter>Fichiers d%27en-tête\Water</Filter>
    </ClInclude>
    <ClInclude Include="WaterFrameBuffers.h">
      <Filter>Fichiers d%27en-tête\Water</Filter>
    </ClInclude>
    <ClInclude Include="WaterRenderer2.h">
      <Filter>Fichiers d%27en-tête\Water</Filter>
    </ClInclude>
    <ClInclude Include="WaterShader.h">
      <Filter>Fichiers d%27en-tête\Water</Filter>
    </ClInclude>
    <ClInclude Include="ShadowBox.h">
      <Filter>Fichiers d%27en-tête</Filter>
    </ClInclude>
    <ClInclude Include="ShadowFrameBuffer.h">
      <Filter>Fichiers d%27en-tête</Filter>
    </ClInclude>
    <ClInclude Include="ShadowShader.h">
      <Filter>Fichiers d%27en-tête</Filter>
    </ClInclude>
    <ClInclude Include="ShadowMapEntityRenderer.h">
      <Filter>Fichiers d%27en-tête</Filter>
    </ClInclude>
    <ClInclude Include="ShadowMapMasterRenderer.h">
      <Filter>Fichiers d%27en-tête</Filter>
    </ClInclude>
  </ItemGroup>
  <ItemGroup>
    <None Include="vertexShader.glsl">
      <Filter>Fichiers de ressources</Filter>
    </None>
    <None Include="fragmentShader.glsl">
      <Filter>Fichiers de ressources</Filter>
    </None>
    <None Include="terrainVertexShader.glsl">
      <Filter>Fichiers de ressources</Filter>
    </None>
    <None Include="terrainFragmentShader.glsl">
      <Filter>Fichiers de ressources</Filter>
    </None>
    <None Include="guiVertexShader.glsl">
      <Filter>Fichiers de ressources</Filter>
    </None>
    <None Include="guiFragmentShader.glsl">
      <Filter>Fichiers de ressources</Filter>
    </None>
    <None Include="skyboxFragmentShader.glsl">
      <Filter>Fichiers de ressources</Filter>
    </None>
    <None Include="skyboxVertexShader.glsl">
      <Filter>Fichiers de ressources</Filter>
    </None>
    <None Include="normalVertexShader.glsl">
      <Filter>Fichiers de ressources</Filter>
    </None>
    <None Include="normalFragmentShader.glsl">
      <Filter>Fichiers de ressources</Filter>
    </None>
    <None Include="waterFragmentShader.glsl">
      <Filter>Fichiers de ressources</Filter>
    </None>
    <None Include="waterVertexShader.glsl">
      <Filter>Fichiers de ressources</Filter>
    </None>
    <None Include="shadowVertexShader.glsl">
      <Filter>Fichiers de ressources</Filter>
    </None>
    <None Include="shadowFragmentShader.glsl">
      <Filter>Fichiers de ressources</Filter>
    </None>
  </ItemGroup>
  <ItemGroup>
    <Image Include="..\..\..\..\Desktop\image.png">
      <Filter>Fichiers de ressources</Filter>
    </Image>
    <Image Include="texture.png">
      <Filter>Fichiers de ressources</Filter>
    </Image>
    <Image Include="fox_texture.png">
      <Filter>Fichiers de ressources</Filter>
    </Image>
  </ItemGroup>
</Project>